
Microsoft Visual Studio Solution File, Format Version 12.00
# Visual Studio Version 17
VisualStudioVersion = 17.4.33110.190
MinimumVisualStudioVersion = 10.0.40219.1
Project("{FAE04EC0-301F-11D3-BF4B-00C04F79EFBC}") = "DBSyncro", "DBSyncro\DBSyncro.csproj", "{7A5C8BEE-8525-4B1D-8A82-1436E26566DF}"
EndProject
Global
	GlobalSection(SolutionConfigurationPlatforms) = preSolution
		Debug|Any CPU = Debug|Any CPU
		Release|Any CPU = Release|Any CPU
	EndGlobalSection
	GlobalSection(ProjectConfigurationPlatforms) = postSolution
		{7A5C8BEE-8525-4B1D-8A82-1436E26566DF}.Debug|Any CPU.ActiveCfg = Debug|Any CPU
		{7A5C8BEE-8525-4B1D-8A82-1436E26566DF}.Debug|Any CPU.Build.0 = Debug|Any CPU
		{7A5C8BEE-8525-4B1D-8A82-1436E26566DF}.Release|Any CPU.ActiveCfg = Release|Any CPU
		{7A5C8BEE-8525-4B1D-8A82-1436E26566DF}.Release|Any CPU.Build.0 = Release|Any CPU
	EndGlobalSection
	GlobalSection(SolutionProperties) = preSolution
		HideSolutionNode = FALSE
	EndGlobalSection
	GlobalSection(ExtensibilityGlobals) = postSolution
		SolutionGuid = {0DFBF01E-F3F9-404A-A9CF-555D9DC04CA8}
	EndGlobalSection
EndGlobal
